
Microsoft Visual Studio Solution File, Format Version 12.00
# Visual Studio Version 16
VisualStudioVersion = 16.0.28711.60
MinimumVisualStudioVersion = 10.0.40219.1
Project("{9A19103F-16F7-4668-BE54-9A1E7A4F7556}") = "TestDemo", "TestDemo\TestDemo.csproj", "{B67037D3-E2F9-4331-B542-F77FF2217CF5}"
EndProject
Project("{9A19103F-16F7-4668-BE54-9A1E7A4F7556}") = "TestDemo.Test", "XUnitTestDemo\TestDemo.Test.csproj", "{C015D91A-F68A-4E96-A5F8-1CFCB5863715}"
EndProject
Project("{9A19103F-16F7-4668-BE54-9A1E7A4F7556}") = "StringSample", "StringSample\StringSample.csproj", "{CC38930E-470D-4644-990B-438DA9577487}"
EndProject
Project("{9A19103F-16F7-4668-BE54-9A1E7A4F7556}") = "ListDemo", "ListDemo\ListDemo.csproj", "{B4A30881-B539-4258-AEC7-0F9315C698B6}"
EndProject
Project("{FAE04EC0-301F-11D3-BF4B-00C04F79EFBC}") = "QueueDemo", "QueueDemo\QueueDemo.csproj", "{C0E9F13D-C1A3-4BC3-90E3-1877BE89D002}"
EndProject
Project("{FAE04EC0-301F-11D3-BF4B-00C04F79EFBC}") = "CountAndSay", "CountAndSay\CountAndSay.csproj", "{D98DAEBB-1FCD-4CBF-9C75-95AD01CBF196}"
EndProject
Project("{FAE04EC0-301F-11D3-BF4B-00C04F79EFBC}") = "RomeToInt", "RomeToInt\RomeToInt.csproj", "{72BA24AB-BB3C-48FC-8605-AC5EAC5CFC9A}"
EndProject
Global
	GlobalSection(SolutionConfigurationPlatforms) = preSolution
		Debug|Any CPU = Debug|Any CPU
		Release|Any CPU = Release|Any CPU
	EndGlobalSection
	GlobalSection(ProjectConfigurationPlatforms) = postSolution
		{B67037D3-E2F9-4331-B542-F77FF2217CF5}.Debug|Any CPU.ActiveCfg = Debug|Any CPU
		{B67037D3-E2F9-4331-B542-F77FF2217CF5}.Debug|Any CPU.Build.0 = Debug|Any CPU
		{B67037D3-E2F9-4331-B542-F77FF2217CF5}.Release|Any CPU.ActiveCfg = Release|Any CPU
		{B67037D3-E2F9-4331-B542-F77FF2217CF5}.Release|Any CPU.Build.0 = Release|Any CPU
		{C015D91A-F68A-4E96-A5F8-1CFCB5863715}.Debug|Any CPU.ActiveCfg = Debug|Any CPU
		{C015D91A-F68A-4E96-A5F8-1CFCB5863715}.Debug|Any CPU.Build.0 = Debug|Any CPU
		{C015D91A-F68A-4E96-A5F8-1CFCB5863715}.Release|Any CPU.ActiveCfg = Release|Any CPU
		{C015D91A-F68A-4E96-A5F8-1CFCB5863715}.Release|Any CPU.Build.0 = Release|Any CPU
		{CC38930E-470D-4644-990B-438DA9577487}.Debug|Any CPU.ActiveCfg = Debug|Any CPU
		{CC38930E-470D-4644-990B-438DA9577487}.Debug|Any CPU.Build.0 = Debug|Any CPU
		{CC38930E-470D-4644-990B-438DA9577487}.Release|Any CPU.ActiveCfg = Release|Any CPU
		{CC38930E-470D-4644-990B-438DA9577487}.Release|Any CPU.Build.0 = Release|Any CPU
		{B4A30881-B539-4258-AEC7-0F9315C698B6}.Debug|Any CPU.ActiveCfg = Debug|Any CPU
		{B4A30881-B539-4258-AEC7-0F9315C698B6}.Debug|Any CPU.Build.0 = Debug|Any CPU
		{B4A30881-B539-4258-AEC7-0F9315C698B6}.Release|Any CPU.ActiveCfg = Release|Any CPU
		{B4A30881-B539-4258-AEC7-0F9315C698B6}.Release|Any CPU.Build.0 = Release|Any CPU
		{C0E9F13D-C1A3-4BC3-90E3-1877BE89D002}.Debug|Any CPU.ActiveCfg = Debug|Any CPU
		{C0E9F13D-C1A3-4BC3-90E3-1877BE89D002}.Debug|Any CPU.Build.0 = Debug|Any CPU
		{C0E9F13D-C1A3-4BC3-90E3-1877BE89D002}.Release|Any CPU.ActiveCfg = Release|Any CPU
		{C0E9F13D-C1A3-4BC3-90E3-1877BE89D002}.Release|Any CPU.Build.0 = Release|Any CPU
		{D98DAEBB-1FCD-4CBF-9C75-95AD01CBF196}.Debug|Any CPU.ActiveCfg = Debug|Any CPU
		{D98DAEBB-1FCD-4CBF-9C75-95AD01CBF196}.Debug|Any CPU.Build.0 = Debug|Any CPU
		{D98DAEBB-1FCD-4CBF-9C75-95AD01CBF196}.Release|Any CPU.ActiveCfg = Release|Any CPU
		{D98DAEBB-1FCD-4CBF-9C75-95AD01CBF196}.Release|Any CPU.Build.0 = Release|Any CPU
		{72BA24AB-BB3C-48FC-8605-AC5EAC5CFC9A}.Debug|Any CPU.ActiveCfg = Debug|Any CPU
		{72BA24AB-BB3C-48FC-8605-AC5EAC5CFC9A}.Debug|Any CPU.Build.0 = Debug|Any CPU
		{72BA24AB-BB3C-48FC-8605-AC5EAC5CFC9A}.Release|Any CPU.ActiveCfg = Release|Any CPU
		{72BA24AB-BB3C-48FC-8605-AC5EAC5CFC9A}.Release|Any CPU.Build.0 = Release|Any CPU
	EndGlobalSection
	GlobalSection(SolutionProperties) = preSolution
		HideSolutionNode = FALSE
	EndGlobalSection
	GlobalSection(ExtensibilityGlobals) = postSolution
		SolutionGuid = {5FB77CF6-BD5D-428C-AA62-210306D2BE76}
	EndGlobalSection
EndGlobal
